
Microsoft Visual Studio Solution File, Format Version 12.00
# Visual Studio 15
VisualStudioVersion = 15.0.27703.2035
MinimumVisualStudioVersion = 10.0.40219.1
Project("{9A19103F-16F7-4668-BE54-9A1E7A4F7556}") = "Fantasy2", "Fantasy2.0\Fantasy2.csproj", "{AB450CF7-80E1-49A7-97B4-C2C9075A654A}"
EndProject
Global
	GlobalSection(SolutionConfigurationPlatforms) = preSolution
		Debug|Any CPU = Debug|Any CPU
		Release|Any CPU = Release|Any CPU
	EndGlobalSection
	GlobalSection(ProjectConfigurationPlatforms) = postSolution
		{AB450CF7-80E1-49A7-97B4-C2C9075A654A}.Debug|Any CPU.ActiveCfg = Debug|Any CPU
		{AB450CF7-80E1-49A7-97B4-C2C9075A654A}.Debug|Any CPU.Build.0 = Debug|Any CPU
		{AB450CF7-80E1-49A7-97B4-C2C9075A654A}.Release|Any CPU.ActiveCfg = Release|Any CPU
		{AB450CF7-80E1-49A7-97B4-C2C9075A654A}.Release|Any CPU.Build.0 = Release|Any CPU
	EndGlobalSection
	GlobalSection(SolutionProperties) = preSolution
		HideSolutionNode = FALSE
	EndGlobalSection
	GlobalSection(ExtensibilityGlobals) = postSolution
		SolutionGuid = {C92001AC-1187-4441-B7B2-42DBA86F3FA9}
	EndGlobalSection
EndGlobal
